
Microsoft Visual Studio Solution File, Format Version 11.00
# Visual Studio 2010
Project("{8BC9CEB8-8B4A-11D0-8D11-00A0C91BC942}") = "PLC-Comm", "PLC-Comm\PLC-Comm.vcxproj", "{881A768E-6984-4479-8609-AE09E36BA427}"
EndProject
Project("{8BC9CEB8-8B4A-11D0-8D11-00A0C91BC942}") = "TcpipComm", "TcpipComm\TcpipComm.vcxproj", "{85BBDAEE-049A-4156-B2AE-3832BA01F332}"
EndProject
Global
	GlobalSection(SolutionConfigurationPlatforms) = preSolution
		Debug|Win32 = Debug|Win32
		Debug|x64 = Debug|x64
		Release|Win32 = Release|Win32
		Release|x64 = Release|x64
	EndGlobalSection
	GlobalSection(ProjectConfigurationPlatforms) = postSolution
		{881A768E-6984-4479-8609-AE09E36BA427}.Debug|Win32.ActiveCfg = Debug|Win32
		{881A768E-6984-4479-8609-AE09E36BA427}.Debug|Win32.Build.0 = Debug|Win32
		{881A768E-6984-4479-8609-AE09E36BA427}.Debug|x64.ActiveCfg = Debug|Win32
		{881A768E-6984-4479-8609-AE09E36BA427}.Release|Win32.ActiveCfg = Release|Win32
		{881A768E-6984-4479-8609-AE09E36BA427}.Release|Win32.Build.0 = Release|Win32
		{881A768E-6984-4479-8609-AE09E36BA427}.Release|x64.ActiveCfg = Release|Win32
		{85BBDAEE-049A-4156-B2AE-3832BA01F332}.Debug|Win32.ActiveCfg = Debug|Win32
		{85BBDAEE-049A-4156-B2AE-3832BA01F332}.Debug|Win32.Build.0 = Debug|Win32
		{85BBDAEE-049A-4156-B2AE-3832BA01F332}.Debug|x64.ActiveCfg = Debug|x64
		{85BBDAEE-049A-4156-B2AE-3832BA01F332}.Debug|x64.Build.0 = Debug|x64
		{85BBDAEE-049A-4156-B2AE-3832BA01F332}.Release|Win32.ActiveCfg = Release|Win32
		{85BBDAEE-049A-4156-B2AE-3832BA01F332}.Release|Win32.Build.0 = Release|Win32
		{85BBDAEE-049A-4156-B2AE-3832BA01F332}.Release|x64.ActiveCfg = Release|x64
		{85BBDAEE-049A-4156-B2AE-3832BA01F332}.Release|x64.Build.0 = Release|x64
	EndGlobalSection
	GlobalSection(SolutionProperties) = preSolution
		HideSolutionNode = FALSE
	EndGlobalSection
EndGlobal
