<?xml version="1.0" encoding="utf-8"?>
<Project ToolsVersion="4.0" xmlns="http://schemas.microsoft.com/developer/msbuild/2003">
  <ItemGroup>
    <Filter Include="源文件">
      <UniqueIdentifier>{4FC737F1-C7A5-4376-A066-2A32D752A2FF}</UniqueIdentifier>
      <Extensions>cpp;c;cc;cxx;def;odl;idl;hpj;bat;asm;asmx</Extensions>
    </Filter>
    <Filter Include="头文件">
      <UniqueIdentifier>{93995380-89BD-4b04-88EB-625FBE52EBFB}</UniqueIdentifier>
      <Extensions>h;hpp;hxx;hm;inl;inc;xsd</Extensions>
    </Filter>
    <Filter Include="资源文件">
      <UniqueIdentifier>{67DA6AB6-F800-4c08-8B7A-83BB121AAD01}</UniqueIdentifier>
      <Extensions>rc;ico;cur;bmp;dlg;rc2;rct;bin;rgs;gif;jpg;jpeg;jpe;resx;tiff;tif;png;wav;mfcribbon-ms</Extensions>
    </Filter>
    <Filter Include="modbus">
      <UniqueIdentifier>{4698f87b-5525-4204-9c6e-854ee6d092fa}</UniqueIdentifier>
    </Filter>
    <Filter Include="Generated Files">
      <UniqueIdentifier>{ab4fa1c9-f5b2-4f27-b5f0-f704a94905b1}</UniqueIdentifier>
    </Filter>
  </ItemGroup>
  <ItemGroup>
    <None Include="ReadMe.txt" />
    <None Include="res\PLCComm.rc2">
      <Filter>资源文件</Filter>
    </None>
    <None Include="res\PLC-Comm.ico">
      <Filter>资源文件</Filter>
    </None>
  </ItemGroup>
  <ItemGroup>
    <ClInclude Include="PLC-Comm.h">
      <Filter>头文件</Filter>
    </ClInclude>
    <ClInclude Include="PLC-CommDlg.h">
      <Filter>头文件</Filter>
    </ClInclude>
    <ClInclude Include="stdafx.h">
      <Filter>头文件</Filter>
    </ClInclude>
    <ClInclude Include="targetver.h">
      <Filter>头文件</Filter>
    </ClInclude>
    <ClInclude Include="Resource.h">
      <Filter>头文件</Filter>
    </ClInclude>
    <ClInclude Include="Modbus\src\eutils.h">
      <Filter>modbus</Filter>
    </ClInclude>
    <ClInclude Include="Modbus\src\modbuscommsettings.h">
      <Filter>modbus</Filter>
    </ClInclude>
    <ClInclude Include="Modbus\3rdparty\libmodbus\config.h">
      <Filter>modbus</Filter>
    </ClInclude>
    <ClInclude Include="Modbus\3rdparty\libmodbus\modbus.h">
      <Filter>modbus</Filter>
    </ClInclude>
    <ClInclude Include="Modbus\3rdparty\libmodbus\modbus-private.h">
      <Filter>modbus</Filter>
    </ClInclude>
    <ClInclude Include="Modbus\3rdparty\libmodbus\modbus-rtu.h">
      <Filter>modbus</Filter>
    </ClInclude>
    <ClInclude Include="Modbus\3rdparty\libmodbus\modbus-rtu-private.h">
      <Filter>modbus</Filter>
    </ClInclude>
    <ClInclude Include="Modbus\3rdparty\libmodbus\modbus-tcp.h">
      <Filter>modbus</Filter>
    </ClInclude>
    <ClInclude Include="Modbus\3rdparty\libmodbus\modbus-tcp-private.h">
      <Filter>modbus</Filter>
    </ClInclude>
    <ClInclude Include="Modbus\3rdparty\libmodbus\modbus-version.h">
      <Filter>modbus</Filter>
    </ClInclude>
    <ClInclude Include="PLCSetting.h">
      <Filter>头文件</Filter>
    </ClInclude>
    <ClInclude Include="plcControlpanel.h">
      <Filter>头文件</Filter>
    </ClInclude>
  </ItemGroup>
  <ItemGroup>
    <ClCompile Include="PLC-Comm.cpp">
      <Filter>源文件</Filter>
    </ClCompile>
    <ClCompile Include="PLC-CommDlg.cpp">
      <Filter>源文件</Filter>
    </ClCompile>
    <ClCompile Include="stdafx.cpp">
      <Filter>源文件</Filter>
    </ClCompile>
    <ClCompile Include="Modbus\src\eutils.cpp">
      <Filter>modbus</Filter>
    </ClCompile>
    <ClCompile Include="Modbus\src\modbuscommsettings.cpp">
      <Filter>modbus</Filter>
    </ClCompile>
    <ClCompile Include="Modbus\3rdparty\libmodbus\modbus.c">
      <Filter>modbus</Filter>
    </ClCompile>
    <ClCompile Include="Modbus\3rdparty\libmodbus\modbus-data.c">
      <Filter>modbus</Filter>
    </ClCompile>
    <ClCompile Include="Modbus\3rdparty\libmodbus\modbus-rtu.c">
      <Filter>modbus</Filter>
    </ClCompile>
    <ClCompile Include="Modbus\3rdparty\libmodbus\modbus-tcp.c">
      <Filter>modbus</Filter>
    </ClCompile>
    <ClCompile Include="PLCSetting.cpp">
      <Filter>源文件</Filter>
    </ClCompile>
    <ClCompile Include="GeneratedFiles\moc_modbuscommsettings.cpp">
      <Filter>Generated Files</Filter>
    </ClCompile>
    <ClCompile Include="plcControlpanel.cpp">
      <Filter>源文件</Filter>
    </ClCompile>
  </ItemGroup>
  <ItemGroup>
    <ResourceCompile Include="PLC-Comm.rc">
      <Filter>资源文件</Filter>
    </ResourceCompile>
  </ItemGroup>
</Project>